
Microsoft Visual Studio Solution File, Format Version 12.00
# Visual Studio Version 16
VisualStudioVersion = 16.0.30503.244
MinimumVisualStudioVersion = 10.0.40219.1
Project("{FAE04EC0-301F-11D3-BF4B-00C04F79EFBC}") = "RoomClass", "RoomClass\RoomClass.csproj", "{963CBBEA-7F46-48C8-BC1E-8F4D83B1053D}"
EndProject
Global
	GlobalSection(SolutionConfigurationPlatforms) = preSolution
		Debug|Any CPU = Debug|Any CPU
		Release|Any CPU = Release|Any CPU
	EndGlobalSection
	GlobalSection(ProjectConfigurationPlatforms) = postSolution
		{963CBBEA-7F46-48C8-BC1E-8F4D83B1053D}.Debug|Any CPU.ActiveCfg = Debug|Any CPU
		{963CBBEA-7F46-48C8-BC1E-8F4D83B1053D}.Debug|Any CPU.Build.0 = Debug|Any CPU
		{963CBBEA-7F46-48C8-BC1E-8F4D83B1053D}.Release|Any CPU.ActiveCfg = Release|Any CPU
		{963CBBEA-7F46-48C8-BC1E-8F4D83B1053D}.Release|Any CPU.Build.0 = Release|Any CPU
	EndGlobalSection
	GlobalSection(SolutionProperties) = preSolution
		HideSolutionNode = FALSE
	EndGlobalSection
	GlobalSection(ExtensibilityGlobals) = postSolution
		SolutionGuid = {7E1E1326-DF3E-4A70-B8D4-7B444056A1A6}
	EndGlobalSection
EndGlobal
