
Microsoft Visual Studio Solution File, Format Version 12.00
# Visual Studio Version 16
VisualStudioVersion = 16.0.31727.386
MinimumVisualStudioVersion = 10.0.40219.1
Project("{FAE04EC0-301F-11D3-BF4B-00C04F79EFBC}") = "InheritanceDeel2", "InheritanceDeel2\InheritanceDeel2.csproj", "{EAD52158-C62D-42BE-AA93-626BA029937E}"
EndProject
Global
	GlobalSection(SolutionConfigurationPlatforms) = preSolution
		Debug|Any CPU = Debug|Any CPU
		Release|Any CPU = Release|Any CPU
	EndGlobalSection
	GlobalSection(ProjectConfigurationPlatforms) = postSolution
		{EAD52158-C62D-42BE-AA93-626BA029937E}.Debug|Any CPU.ActiveCfg = Debug|Any CPU
		{EAD52158-C62D-42BE-AA93-626BA029937E}.Debug|Any CPU.Build.0 = Debug|Any CPU
		{EAD52158-C62D-42BE-AA93-626BA029937E}.Release|Any CPU.ActiveCfg = Release|Any CPU
		{EAD52158-C62D-42BE-AA93-626BA029937E}.Release|Any CPU.Build.0 = Release|Any CPU
	EndGlobalSection
	GlobalSection(SolutionProperties) = preSolution
		HideSolutionNode = FALSE
	EndGlobalSection
	GlobalSection(ExtensibilityGlobals) = postSolution
		SolutionGuid = {744F7F75-6C81-457E-A851-00445065023C}
	EndGlobalSection
EndGlobal
