
Microsoft Visual Studio Solution File, Format Version 12.00
# Visual Studio Version 16
VisualStudioVersion = 16.0.30503.244
MinimumVisualStudioVersion = 10.0.40219.1
Project("{FAE04EC0-301F-11D3-BF4B-00C04F79EFBC}") = "RectangleClass", "RectangleClass\RectangleClass.csproj", "{5C6C9A43-EA29-47B4-B984-1A14F7567E7C}"
EndProject
Global
	GlobalSection(SolutionConfigurationPlatforms) = preSolution
		Debug|Any CPU = Debug|Any CPU
		Release|Any CPU = Release|Any CPU
	EndGlobalSection
	GlobalSection(ProjectConfigurationPlatforms) = postSolution
		{5C6C9A43-EA29-47B4-B984-1A14F7567E7C}.Debug|Any CPU.ActiveCfg = Debug|Any CPU
		{5C6C9A43-EA29-47B4-B984-1A14F7567E7C}.Debug|Any CPU.Build.0 = Debug|Any CPU
		{5C6C9A43-EA29-47B4-B984-1A14F7567E7C}.Release|Any CPU.ActiveCfg = Release|Any CPU
		{5C6C9A43-EA29-47B4-B984-1A14F7567E7C}.Release|Any CPU.Build.0 = Release|Any CPU
	EndGlobalSection
	GlobalSection(SolutionProperties) = preSolution
		HideSolutionNode = FALSE
	EndGlobalSection
	GlobalSection(ExtensibilityGlobals) = postSolution
		SolutionGuid = {B6234132-AC7F-4032-9B8E-06FA9D1EC72D}
	EndGlobalSection
EndGlobal
